// !$*UTF8*$!
{
	archiveVersion = 1;
	classes = {
	};
	objectVersion = 50;
	objects = {

/* Begin PBXBuildFile section */
		236881EB29561C39005A731A /* StoriesTableViewCell.swift in Sources */ = {isa = PBXBuildFile; fileRef = 236881E929561C39005A731A /* StoriesTableViewCell.swift */; };
		236881EC29561C39005A731A /* StoriesTableViewCell.xib in Resources */ = {isa = PBXBuildFile; fileRef = 236881EA29561C39005A731A /* StoriesTableViewCell.xib */; };
		236881EF2956228E005A731A /* StoryCollectionViewCell.swift in Sources */ = {isa = PBXBuildFile; fileRef = 236881ED2956228E005A731A /* StoryCollectionViewCell.swift */; };
		236881F02956228E005A731A /* StoryCollectionViewCell.xib in Resources */ = {isa = PBXBuildFile; fileRef = 236881EE2956228E005A731A /* StoryCollectionViewCell.xib */; };
		236881F329562A63005A731A /* FeedTableViewCell.swift in Sources */ = {isa = PBXBuildFile; fileRef = 236881F129562A63005A731A /* FeedTableViewCell.swift */; };
		236881F429562A63005A731A /* FeedTableViewCell.xib in Resources */ = {isa = PBXBuildFile; fileRef = 236881F229562A63005A731A /* FeedTableViewCell.xib */; };
		236881F62956C6F3005A731A /* ExploreCollectionViewCell.swift in Sources */ = {isa = PBXBuildFile; fileRef = 236881F52956C6F3005A731A /* ExploreCollectionViewCell.swift */; };
		236881F82956CA83005A731A /* SearchBarContainerView.swift in Sources */ = {isa = PBXBuildFile; fileRef = 236881F72956CA83005A731A /* SearchBarContainerView.swift */; };
		236881FA2956CC28005A731A /* CollectionLayout.swift in Sources */ = {isa = PBXBuildFile; fileRef = 236881F92956CC28005A731A /* CollectionLayout.swift */; };
		236881FC2956E42B005A731A /* NewPostPageViewController.swift in Sources */ = {isa = PBXBuildFile; fileRef = 236881FB2956E42B005A731A /* NewPostPageViewController.swift */; };
		236881FE2956E524005A731A /* PhotoLibraryViewController.swift in Sources */ = {isa = PBXBuildFile; fileRef = 236881FD2956E524005A731A /* PhotoLibraryViewController.swift */; };
		236882002956E573005A731A /* CameraViewController.swift in Sources */ = {isa = PBXBuildFile; fileRef = 236881FF2956E573005A731A /* CameraViewController.swift */; };
		236882022956E82E005A731A /* TabBarDelegate.swift in Sources */ = {isa = PBXBuildFile; fileRef = 236882012956E82E005A731A /* TabBarDelegate.swift */; };
		23688206295700FC005A731A /* SimpleCamera.swift in Sources */ = {isa = PBXBuildFile; fileRef = 23688205295700FB005A731A /* SimpleCamera.swift */; };
		236882082957010F005A731A /* SimpleCameraProtocol.swift in Sources */ = {isa = PBXBuildFile; fileRef = 236882072957010F005A731A /* SimpleCameraProtocol.swift */; };
		2368820A2957012F005A731A /* SimpleCameraView.swift in Sources */ = {isa = PBXBuildFile; fileRef = 236882092957012F005A731A /* SimpleCameraView.swift */; };
		2368820C29570AC3005A731A /* PhotoCollectionViewCell.swift in Sources */ = {isa = PBXBuildFile; fileRef = 2368820B29570AC3005A731A /* PhotoCollectionViewCell.swift */; };
		237E423229597C1E00BC4597 /* CustomSegmentedControl.swift in Sources */ = {isa = PBXBuildFile; fileRef = 237E423129597C1E00BC4597 /* CustomSegmentedControl.swift */; };
		237E42352959800200BC4597 /* ActivityTableViewCell.swift in Sources */ = {isa = PBXBuildFile; fileRef = 237E42332959800200BC4597 /* ActivityTableViewCell.swift */; };
		237E42362959800200BC4597 /* ActivityTableViewCell.xib in Resources */ = {isa = PBXBuildFile; fileRef = 237E42342959800200BC4597 /* ActivityTableViewCell.xib */; };
		237E42382959837100BC4597 /* ActivityView.swift in Sources */ = {isa = PBXBuildFile; fileRef = 237E42372959837100BC4597 /* ActivityView.swift */; };
		23BBDF3729546E7800313A4B /* AppDelegate.swift in Sources */ = {isa = PBXBuildFile; fileRef = 23BBDF3629546E7800313A4B /* AppDelegate.swift */; };
		23BBDF3929546E7800313A4B /* SceneDelegate.swift in Sources */ = {isa = PBXBuildFile; fileRef = 23BBDF3829546E7800313A4B /* SceneDelegate.swift */; };
		23BBDF3B29546E7800313A4B /* HomeViewController.swift in Sources */ = {isa = PBXBuildFile; fileRef = 23BBDF3A29546E7800313A4B /* HomeViewController.swift */; };
		23BBDF3E29546E7800313A4B /* Home.storyboard in Resources */ = {isa = PBXBuildFile; fileRef = 23BBDF3C29546E7800313A4B /* Home.storyboard */; };
		23BBDF4129546E7800313A4B /* Instagram.xcdatamodeld in Sources */ = {isa = PBXBuildFile; fileRef = 23BBDF3F29546E7800313A4B /* Instagram.xcdatamodeld */; };
		23BBDF4329546E7B00313A4B /* Assets.xcassets in Resources */ = {isa = PBXBuildFile; fileRef = 23BBDF4229546E7B00313A4B /* Assets.xcassets */; };
		23BBDF4629546E7B00313A4B /* LaunchScreen.storyboard in Resources */ = {isa = PBXBuildFile; fileRef = 23BBDF4429546E7B00313A4B /* LaunchScreen.storyboard */; };
		23BBDF5129546E7B00313A4B /* InstagramTests.swift in Sources */ = {isa = PBXBuildFile; fileRef = 23BBDF5029546E7B00313A4B /* InstagramTests.swift */; };
		23BBDF5C29546E7B00313A4B /* InstagramUITests.swift in Sources */ = {isa = PBXBuildFile; fileRef = 23BBDF5B29546E7B00313A4B /* InstagramUITests.swift */; };
		23BBDF6B2954700000313A4B /* Search.storyboard in Resources */ = {isa = PBXBuildFile; fileRef = 23BBDF6A2954700000313A4B /* Search.storyboard */; };
		23BBDF6D2954701100313A4B /* NewPost.storyboard in Resources */ = {isa = PBXBuildFile; fileRef = 23BBDF6C2954701100313A4B /* NewPost.storyboard */; };
		23BBDF6F2954701C00313A4B /* Profile.storyboard in Resources */ = {isa = PBXBuildFile; fileRef = 23BBDF6E2954701C00313A4B /* Profile.storyboard */; };
		23BBDF712954702F00313A4B /* Activity.storyboard in Resources */ = {isa = PBXBuildFile; fileRef = 23BBDF702954702F00313A4B /* Activity.storyboard */; };
		23BBDF742954709700313A4B /* SearchViewController.swift in Sources */ = {isa = PBXBuildFile; fileRef = 23BBDF732954709700313A4B /* SearchViewController.swift */; };
		23BBDF76295470A700313A4B /* NewPostViewController.swift in Sources */ = {isa = PBXBuildFile; fileRef = 23BBDF75295470A700313A4B /* NewPostViewController.swift */; };
		23BBDF78295470B400313A4B /* ProfileViewController.swift in Sources */ = {isa = PBXBuildFile; fileRef = 23BBDF77295470B400313A4B /* ProfileViewController.swift */; };
		23BBDF7A295470C400313A4B /* ActivityViewController.swift in Sources */ = {isa = PBXBuildFile; fileRef = 23BBDF79295470C400313A4B /* ActivityViewController.swift */; };
		23BBDF7D29547C4F00313A4B /* FeedData.swift in Sources */ = {isa = PBXBuildFile; fileRef = 23BBDF7C29547C4F00313A4B /* FeedData.swift */; };
		23BBDF7F29547C6A00313A4B /* Activity.swift in Sources */ = {isa = PBXBuildFile; fileRef = 23BBDF7E29547C6A00313A4B /* Activity.swift */; };
		23BBDF8129547C8C00313A4B /* UserData.swift in Sources */ = {isa = PBXBuildFile; fileRef = 23BBDF8029547C8C00313A4B /* UserData.swift */; };
/* End PBXBuildFile section */

/* Begin PBXContainerItemProxy section */
		23BBDF4D29546E7B00313A4B /* PBXContainerItemProxy */ = {
			isa = PBXContainerItemProxy;
			containerPortal = 23BBDF2B29546E7800313A4B /* Project object */;
			proxyType = 1;
			remoteGlobalIDString = 23BBDF3229546E7800313A4B;
			remoteInfo = Instagram;
		};
		23BBDF5829546E7B00313A4B /* PBXContainerItemProxy */ = {
			isa = PBXContainerItemProxy;
			containerPortal = 23BBDF2B29546E7800313A4B /* Project object */;
			proxyType = 1;
			remoteGlobalIDString = 23BBDF3229546E7800313A4B;
			remoteInfo = Instagram;
		};
/* End PBXContainerItemProxy section */

/* Begin PBXFileReference section */
		236881E929561C39005A731A /* StoriesTableViewCell.swift */ = {isa = PBXFileReference; lastKnownFileType = sourcecode.swift; path = StoriesTableViewCell.swift; sourceTree = "<group>"; };
		236881EA29561C39005A731A /* StoriesTableViewCell.xib */ = {isa = PBXFileReference; lastKnownFileType = file.xib; path = StoriesTableViewCell.xib; sourceTree = "<group>"; };
		236881ED2956228E005A731A /* StoryCollectionViewCell.swift */ = {isa = PBXFileReference; lastKnownFileType = sourcecode.swift; path = StoryCollectionViewCell.swift; sourceTree = "<group>"; };
		236881EE2956228E005A731A /* StoryCollectionViewCell.xib */ = {isa = PBXFileReference; lastKnownFileType = file.xib; path = StoryCollectionViewCell.xib; sourceTree = "<group>"; };
		236881F129562A63005A731A /* FeedTableViewCell.swift */ = {isa = PBXFileReference; lastKnownFileType = sourcecode.swift; path = FeedTableViewCell.swift; sourceTree = "<group>"; };
		236881F229562A63005A731A /* FeedTableViewCell.xib */ = {isa = PBXFileReference; lastKnownFileType = file.xib; path = FeedTableViewCell.xib; sourceTree = "<group>"; };
		236881F52956C6F3005A731A /* ExploreCollectionViewCell.swift */ = {isa = PBXFileReference; lastKnownFileType = sourcecode.swift; path = ExploreCollectionViewCell.swift; sourceTree = "<group>"; };
		236881F72956CA83005A731A /* SearchBarContainerView.swift */ = {isa = PBXFileReference; lastKnownFileType = sourcecode.swift; path = SearchBarContainerView.swift; sourceTree = "<group>"; };
		236881F92956CC28005A731A /* CollectionLayout.swift */ = {isa = PBXFileReference; lastKnownFileType = sourcecode.swift; path = CollectionLayout.swift; sourceTree = "<group>"; };
		236881FB2956E42B005A731A /* NewPostPageViewController.swift */ = {isa = PBXFileReference; lastKnownFileType = sourcecode.swift; path = NewPostPageViewController.swift; sourceTree = "<group>"; };
		236881FD2956E524005A731A /* PhotoLibraryViewController.swift */ = {isa = PBXFileReference; lastKnownFileType = sourcecode.swift; path = PhotoLibraryViewController.swift; sourceTree = "<group>"; };
		236881FF2956E573005A731A /* CameraViewController.swift */ = {isa = PBXFileReference; lastKnownFileType = sourcecode.swift; path = CameraViewController.swift; sourceTree = "<group>"; };
		236882012956E82E005A731A /* TabBarDelegate.swift */ = {isa = PBXFileReference; lastKnownFileType = sourcecode.swift; path = TabBarDelegate.swift; sourceTree = "<group>"; };
		23688205295700FB005A731A /* SimpleCamera.swift */ = {isa = PBXFileReference; lastKnownFileType = sourcecode.swift; path = SimpleCamera.swift; sourceTree = "<group>"; };
		236882072957010F005A731A /* SimpleCameraProtocol.swift */ = {isa = PBXFileReference; lastKnownFileType = sourcecode.swift; path = SimpleCameraProtocol.swift; sourceTree = "<group>"; };
		236882092957012F005A731A /* SimpleCameraView.swift */ = {isa = PBXFileReference; lastKnownFileType = sourcecode.swift; path = SimpleCameraView.swift; sourceTree = "<group>"; };
		2368820B29570AC3005A731A /* PhotoCollectionViewCell.swift */ = {isa = PBXFileReference; lastKnownFileType = sourcecode.swift; path = PhotoCollectionViewCell.swift; sourceTree = "<group>"; };
		237E423129597C1E00BC4597 /* CustomSegmentedControl.swift */ = {isa = PBXFileReference; lastKnownFileType = sourcecode.swift; path = CustomSegmentedControl.swift; sourceTree = "<group>"; };
		237E42332959800200BC4597 /* ActivityTableViewCell.swift */ = {isa = PBXFileReference; lastKnownFileType = sourcecode.swift; path = ActivityTableViewCell.swift; sourceTree = "<group>"; };
		237E42342959800200BC4597 /* ActivityTableViewCell.xib */ = {isa = PBXFileReference; lastKnownFileType = file.xib; path = ActivityTableViewCell.xib; sourceTree = "<group>"; };
		237E42372959837100BC4597 /* ActivityView.swift */ = {isa = PBXFileReference; lastKnownFileType = sourcecode.swift; path = ActivityView.swift; sourceTree = "<group>"; };
		23BBDF3329546E7800313A4B /* Instagram.app */ = {isa = PBXFileReference; explicitFileType = wrapper.application; includeInIndex = 0; path = Instagram.app; sourceTree = BUILT_PRODUCTS_DIR; };
		23BBDF3629546E7800313A4B /* AppDelegate.swift */ = {isa = PBXFileReference; lastKnownFileType = sourcecode.swift; path = AppDelegate.swift; sourceTree = "<group>"; };
		23BBDF3829546E7800313A4B /* SceneDelegate.swift */ = {isa = PBXFileReference; lastKnownFileType = sourcecode.swift; path = SceneDelegate.swift; sourceTree = "<group>"; };
		23BBDF3A29546E7800313A4B /* HomeViewController.swift */ = {isa = PBXFileReference; lastKnownFileType = sourcecode.swift; path = HomeViewController.swift; sourceTree = "<group>"; };
		23BBDF3D29546E7800313A4B /* Base */ = {isa = PBXFileReference; lastKnownFileType = file.storyboard; name = Base; path = Base.lproj/Home.storyboard; sourceTree = "<group>"; };
		23BBDF4029546E7800313A4B /* Instagram.xcdatamodel */ = {isa = PBXFileReference; lastKnownFileType = wrapper.xcdatamodel; path = Instagram.xcdatamodel; sourceTree = "<group>"; };
		23BBDF4229546E7B00313A4B /* Assets.xcassets */ = {isa = PBXFileReference; lastKnownFileType = folder.assetcatalog; path = Assets.xcassets; sourceTree = "<group>"; };
		23BBDF4529546E7B00313A4B /* Base */ = {isa = PBXFileReference; lastKnownFileType = file.storyboard; name = Base; path = Base.lproj/LaunchScreen.storyboard; sourceTree = "<group>"; };
		23BBDF4729546E7B00313A4B /* Info.plist */ = {isa = PBXFileReference; lastKnownFileType = text.plist.xml; path = Info.plist; sourceTree = "<group>"; };
		23BBDF4C29546E7B00313A4B /* InstagramTests.xctest */ = {isa = PBXFileReference; explicitFileType = wrapper.cfbundle; includeInIndex = 0; path = InstagramTests.xctest; sourceTree = BUILT_PRODUCTS_DIR; };
		23BBDF5029546E7B00313A4B /* InstagramTests.swift */ = {isa = PBXFileReference; lastKnownFileType = sourcecode.swift; path = InstagramTests.swift; sourceTree = "<group>"; };
		23BBDF5229546E7B00313A4B /* Info.plist */ = {isa = PBXFileReference; lastKnownFileType = text.plist.xml; path = Info.plist; sourceTree = "<group>"; };
		23BBDF5729546E7B00313A4B /* InstagramUITests.xctest */ = {isa = PBXFileReference; explicitFileType = wrapper.cfbundle; includeInIndex = 0; path = InstagramUITests.xctest; sourceTree = BUILT_PRODUCTS_DIR; };
		23BBDF5B29546E7B00313A4B /* InstagramUITests.swift */ = {isa = PBXFileReference; lastKnownFileType = sourcecode.swift; path = InstagramUITests.swift; sourceTree = "<group>"; };
		23BBDF5D29546E7B00313A4B /* Info.plist */ = {isa = PBXFileReference; lastKnownFileType = text.plist.xml; path = Info.plist; sourceTree = "<group>"; };
		23BBDF6A2954700000313A4B /* Search.storyboard */ = {isa = PBXFileReference; lastKnownFileType = file.storyboard; path = Search.storyboard; sourceTree = "<group>"; };
		23BBDF6C2954701100313A4B /* NewPost.storyboard */ = {isa = PBXFileReference; lastKnownFileType = file.storyboard; path = NewPost.storyboard; sourceTree = "<group>"; };
		23BBDF6E2954701C00313A4B /* Profile.storyboard */ = {isa = PBXFileReference; lastKnownFileType = file.storyboard; path = Profile.storyboard; sourceTree = "<group>"; };
		23BBDF702954702F00313A4B /* Activity.storyboard */ = {isa = PBXFileReference; lastKnownFileType = file.storyboard; path = Activity.storyboard; sourceTree = "<group>"; };
		23BBDF732954709700313A4B /* SearchViewController.swift */ = {isa = PBXFileReference; lastKnownFileType = sourcecode.swift; path = SearchViewController.swift; sourceTree = "<group>"; };
		23BBDF75295470A700313A4B /* NewPostViewController.swift */ = {isa = PBXFileReference; lastKnownFileType = sourcecode.swift; path = NewPostViewController.swift; sourceTree = "<group>"; };
		23BBDF77295470B400313A4B /* ProfileViewController.swift */ = {isa = PBXFileReference; lastKnownFileType = sourcecode.swift; path = ProfileViewController.swift; sourceTree = "<group>"; };
		23BBDF79295470C400313A4B /* ActivityViewController.swift */ = {isa = PBXFileReference; lastKnownFileType = sourcecode.swift; path = ActivityViewController.swift; sourceTree = "<group>"; };
		23BBDF7C29547C4F00313A4B /* FeedData.swift */ = {isa = PBXFileReference; lastKnownFileType = sourcecode.swift; path = FeedData.swift; sourceTree = "<group>"; };
		23BBDF7E29547C6A00313A4B /* Activity.swift */ = {isa = PBXFileReference; lastKnownFileType = sourcecode.swift; path = Activity.swift; sourceTree = "<group>"; };
		23BBDF8029547C8C00313A4B /* UserData.swift */ = {isa = PBXFileReference; lastKnownFileType = sourcecode.swift; path = UserData.swift; sourceTree = "<group>"; };
/* End PBXFileReference section */

/* Begin PBXFrameworksBuildPhase section */
		23BBDF3029546E7800313A4B /* Frameworks */ = {
			isa = PBXFrameworksBuildPhase;
			buildActionMask = 2147483647;
			files = (
			);
			runOnlyForDeploymentPostprocessing = 0;
		};
		23BBDF4929546E7B00313A4B /* Frameworks */ = {
			isa = PBXFrameworksBuildPhase;
			buildActionMask = 2147483647;
			files = (
			);
			runOnlyForDeploymentPostprocessing = 0;
		};
		23BBDF5429546E7B00313A4B /* Frameworks */ = {
			isa = PBXFrameworksBuildPhase;
			buildActionMask = 2147483647;
			files = (
			);
			runOnlyForDeploymentPostprocessing = 0;
		};
/* End PBXFrameworksBuildPhase section */

/* Begin PBXGroup section */
		236881E829561BF2005A731A /* Views */ = {
			isa = PBXGroup;
			children = (
				236881EE2956228E005A731A /* StoryCollectionViewCell.xib */,
				236881ED2956228E005A731A /* StoryCollectionViewCell.swift */,
				236881EA29561C39005A731A /* StoriesTableViewCell.xib */,
				236881E929561C39005A731A /* StoriesTableViewCell.swift */,
				236881F229562A63005A731A /* FeedTableViewCell.xib */,
				236881F129562A63005A731A /* FeedTableViewCell.swift */,
				236881F52956C6F3005A731A /* ExploreCollectionViewCell.swift */,
				236881F72956CA83005A731A /* SearchBarContainerView.swift */,
				2368820B29570AC3005A731A /* PhotoCollectionViewCell.swift */,
				237E42332959800200BC4597 /* ActivityTableViewCell.swift */,
				237E42342959800200BC4597 /* ActivityTableViewCell.xib */,
				237E42372959837100BC4597 /* ActivityView.swift */,
			);
			path = Views;
			sourceTree = "<group>";
		};
		23688203295700C7005A731A /* Library */ = {
			isa = PBXGroup;
			children = (
				23688204295700D9005A731A /* Simple Camera */,
			);
			path = Library;
			sourceTree = "<group>";
		};
		23688204295700D9005A731A /* Simple Camera */ = {
			isa = PBXGroup;
			children = (
				23688205295700FB005A731A /* SimpleCamera.swift */,
				236882072957010F005A731A /* SimpleCameraProtocol.swift */,
				236882092957012F005A731A /* SimpleCameraView.swift */,
			);
			path = "Simple Camera";
			sourceTree = "<group>";
		};
		23BBDF2A29546E7800313A4B = {
			isa = PBXGroup;
			children = (
				23BBDF3529546E7800313A4B /* Instagram */,
				23BBDF4F29546E7B00313A4B /* InstagramTests */,
				23BBDF5A29546E7B00313A4B /* InstagramUITests */,
				23BBDF3429546E7800313A4B /* Products */,
			);
			sourceTree = "<group>";
		};
		23BBDF3429546E7800313A4B /* Products */ = {
			isa = PBXGroup;
			children = (
				23BBDF3329546E7800313A4B /* Instagram.app */,
				23BBDF4C29546E7B00313A4B /* InstagramTests.xctest */,
				23BBDF5729546E7B00313A4B /* InstagramUITests.xctest */,
			);
			name = Products;
			sourceTree = "<group>";
		};
		23BBDF3529546E7800313A4B /* Instagram */ = {
			isa = PBXGroup;
			children = (
				236881F92956CC28005A731A /* CollectionLayout.swift */,
				236882012956E82E005A731A /* TabBarDelegate.swift */,
				236881E829561BF2005A731A /* Views */,
				23BBDF3629546E7800313A4B /* AppDelegate.swift */,
				23BBDF3829546E7800313A4B /* SceneDelegate.swift */,
				23BBDF6929546FCB00313A4B /* Storyboards */,
				23BBDF722954703900313A4B /* Controllers */,
				23BBDF4229546E7B00313A4B /* Assets.xcassets */,
				23BBDF4429546E7B00313A4B /* LaunchScreen.storyboard */,
				23BBDF4729546E7B00313A4B /* Info.plist */,
				23BBDF3F29546E7800313A4B /* Instagram.xcdatamodeld */,
				23688203295700C7005A731A /* Library */,
				23BBDF7B29547C2400313A4B /* Data */,
				237E423129597C1E00BC4597 /* CustomSegmentedControl.swift */,
			);
			path = Instagram;
			sourceTree = "<group>";
		};
		23BBDF4F29546E7B00313A4B /* InstagramTests */ = {
			isa = PBXGroup;
			children = (
				23BBDF5029546E7B00313A4B /* InstagramTests.swift */,
				23BBDF5229546E7B00313A4B /* Info.plist */,
			);
			path = InstagramTests;
			sourceTree = "<group>";
		};
		23BBDF5A29546E7B00313A4B /* InstagramUITests */ = {
			isa = PBXGroup;
			children = (
				23BBDF5B29546E7B00313A4B /* InstagramUITests.swift */,
				23BBDF5D29546E7B00313A4B /* Info.plist */,
			);
			path = InstagramUITests;
			sourceTree = "<group>";
		};
		23BBDF6929546FCB00313A4B /* Storyboards */ = {
			isa = PBXGroup;
			children = (
				23BBDF3C29546E7800313A4B /* Home.storyboard */,
				23BBDF6A2954700000313A4B /* Search.storyboard */,
				23BBDF6C2954701100313A4B /* NewPost.storyboard */,
				23BBDF6E2954701C00313A4B /* Profile.storyboard */,
				23BBDF702954702F00313A4B /* Activity.storyboard */,
			);
			path = Storyboards;
			sourceTree = "<group>";
		};
		23BBDF722954703900313A4B /* Controllers */ = {
			isa = PBXGroup;
			children = (
				23BBDF3A29546E7800313A4B /* HomeViewController.swift */,
				23BBDF732954709700313A4B /* SearchViewController.swift */,
				23BBDF75295470A700313A4B /* NewPostViewController.swift */,
				23BBDF77295470B400313A4B /* ProfileViewController.swift */,
				23BBDF79295470C400313A4B /* ActivityViewController.swift */,
				236881FB2956E42B005A731A /* NewPostPageViewController.swift */,
				236881FD2956E524005A731A /* PhotoLibraryViewController.swift */,
				236881FF2956E573005A731A /* CameraViewController.swift */,
			);
			path = Controllers;
			sourceTree = "<group>";
		};
		23BBDF7B29547C2400313A4B /* Data */ = {
			isa = PBXGroup;
			children = (
				23BBDF7C29547C4F00313A4B /* FeedData.swift */,
				23BBDF7E29547C6A00313A4B /* Activity.swift */,
				23BBDF8029547C8C00313A4B /* UserData.swift */,
			);
			path = Data;
			sourceTree = "<group>";
		};
/* End PBXGroup section */

/* Begin PBXNativeTarget section */
		23BBDF3229546E7800313A4B /* Instagram */ = {
			isa = PBXNativeTarget;
			buildConfigurationList = 23BBDF6029546E7B00313A4B /* Build configuration list for PBXNativeTarget "Instagram" */;
			buildPhases = (
				23BBDF2F29546E7800313A4B /* Sources */,
				23BBDF3029546E7800313A4B /* Frameworks */,
				23BBDF3129546E7800313A4B /* Resources */,
			);
			buildRules = (
			);
			dependencies = (
			);
			name = Instagram;
			productName = Instagram;
			productReference = 23BBDF3329546E7800313A4B /* Instagram.app */;
			productType = "com.apple.product-type.application";
		};
		23BBDF4B29546E7B00313A4B /* InstagramTests */ = {
			isa = PBXNativeTarget;
			buildConfigurationList = 23BBDF6329546E7B00313A4B /* Build configuration list for PBXNativeTarget "InstagramTests" */;
			buildPhases = (
				23BBDF4829546E7B00313A4B /* Sources */,
				23BBDF4929546E7B00313A4B /* Frameworks */,
				23BBDF4A29546E7B00313A4B /* Resources */,
			);
			buildRules = (
			);
			dependencies = (
				23BBDF4E29546E7B00313A4B /* PBXTargetDependency */,
			);
			name = InstagramTests;
			productName = InstagramTests;
			productReference = 23BBDF4C29546E7B00313A4B /* InstagramTests.xctest */;
			productType = "com.apple.product-type.bundle.unit-test";
		};
		23BBDF5629546E7B00313A4B /* InstagramUITests */ = {
			isa = PBXNativeTarget;
			buildConfigurationList = 23BBDF6629546E7B00313A4B /* Build configuration list for PBXNativeTarget "InstagramUITests" */;
			buildPhases = (
				23BBDF5329546E7B00313A4B /* Sources */,
				23BBDF5429546E7B00313A4B /* Frameworks */,
				23BBDF5529546E7B00313A4B /* Resources */,
			);
			buildRules = (
			);
			dependencies = (
				23BBDF5929546E7B00313A4B /* PBXTargetDependency */,
			);
			name = InstagramUITests;
			productName = InstagramUITests;
			productReference = 23BBDF5729546E7B00313A4B /* InstagramUITests.xctest */;
			productType = "com.apple.product-type.bundle.ui-testing";
		};
/* End PBXNativeTarget section */

/* Begin PBXProject section */
		23BBDF2B29546E7800313A4B /* Project object */ = {
			isa = PBXProject;
			attributes = {
				LastSwiftUpdateCheck = 1250;
				LastUpgradeCheck = 1250;
				TargetAttributes = {
					23BBDF3229546E7800313A4B = {
						CreatedOnToolsVersion = 12.5.1;
					};
					23BBDF4B29546E7B00313A4B = {
						CreatedOnToolsVersion = 12.5.1;
						TestTargetID = 23BBDF3229546E7800313A4B;
					};
					23BBDF5629546E7B00313A4B = {
						CreatedOnToolsVersion = 12.5.1;
						TestTargetID = 23BBDF3229546E7800313A4B;
					};
				};
			};
			buildConfigurationList = 23BBDF2E29546E7800313A4B /* Build configuration list for PBXProject "Instagram" */;
			compatibilityVersion = "Xcode 9.3";
			developmentRegion = en;
			hasScannedForEncodings = 0;
			knownRegions = (
				en,
				Base,
			);
			mainGroup = 23BBDF2A29546E7800313A4B;
			productRefGroup = 23BBDF3429546E7800313A4B /* Products */;
			projectDirPath = "";
			projectRoot = "";
			targets = (
				23BBDF3229546E7800313A4B /* Instagram */,
				23BBDF4B29546E7B00313A4B /* InstagramTests */,
				23BBDF5629546E7B00313A4B /* InstagramUITests */,
			);
		};
/* End PBXProject section */

/* Begin PBXResourcesBuildPhase section */
		23BBDF3129546E7800313A4B /* Resources */ = {
			isa = PBXResourcesBuildPhase;
			buildActionMask = 2147483647;
			files = (
				23BBDF6F2954701C00313A4B /* Profile.storyboard in Resources */,
				236881F429562A63005A731A /* FeedTableViewCell.xib in Resources */,
				23BBDF6D2954701100313A4B /* NewPost.storyboard in Resources */,
				23BBDF4629546E7B00313A4B /* LaunchScreen.storyboard in Resources */,
				23BBDF4329546E7B00313A4B /* Assets.xcassets in Resources */,
				236881F02956228E005A731A /* StoryCollectionViewCell.xib in Resources */,
				23BBDF712954702F00313A4B /* Activity.storyboard in Resources */,
				236881EC29561C39005A731A /* StoriesTableViewCell.xib in Resources */,
				237E42362959800200BC4597 /* ActivityTableViewCell.xib in Resources */,
				23BBDF6B2954700000313A4B /* Search.storyboard in Resources */,
				23BBDF3E29546E7800313A4B /* Home.storyboard in Resources */,
			);
			runOnlyForDeploymentPostprocessing = 0;
		};
		23BBDF4A29546E7B00313A4B /* Resources */ = {
			isa = PBXResourcesBuildPhase;
			buildActionMask = 2147483647;
			files = (
			);
			runOnlyForDeploymentPostprocessing = 0;
		};
		23BBDF5529546E7B00313A4B /* Resources */ = {
			isa = PBXResourcesBuildPhase;
			buildActionMask = 2147483647;
			files = (
			);
			runOnlyForDeploymentPostprocessing = 0;
		};
/* End PBXResourcesBuildPhase section */

/* Begin PBXSourcesBuildPhase section */
		23BBDF2F29546E7800313A4B /* Sources */ = {
			isa = PBXSourcesBuildPhase;
			buildActionMask = 2147483647;
			files = (
				236881FE2956E524005A731A /* PhotoLibraryViewController.swift in Sources */,
				236882002956E573005A731A /* CameraViewController.swift in Sources */,
				236881F82956CA83005A731A /* SearchBarContainerView.swift in Sources */,
				236881FA2956CC28005A731A /* CollectionLayout.swift in Sources */,
				236882082957010F005A731A /* SimpleCameraProtocol.swift in Sources */,
				23688206295700FC005A731A /* SimpleCamera.swift in Sources */,
				2368820C29570AC3005A731A /* PhotoCollectionViewCell.swift in Sources */,
				23BBDF7F29547C6A00313A4B /* Activity.swift in Sources */,
				2368820A2957012F005A731A /* SimpleCameraView.swift in Sources */,
				23BBDF742954709700313A4B /* SearchViewController.swift in Sources */,
				23BBDF4129546E7800313A4B /* Instagram.xcdatamodeld in Sources */,
				23BBDF3B29546E7800313A4B /* HomeViewController.swift in Sources */,
				23BBDF7A295470C400313A4B /* ActivityViewController.swift in Sources */,
				236881EB29561C39005A731A /* StoriesTableViewCell.swift in Sources */,
				23BBDF8129547C8C00313A4B /* UserData.swift in Sources */,
				23BBDF3729546E7800313A4B /* AppDelegate.swift in Sources */,
				236881EF2956228E005A731A /* StoryCollectionViewCell.swift in Sources */,
				236881F329562A63005A731A /* FeedTableViewCell.swift in Sources */,
				236881F62956C6F3005A731A /* ExploreCollectionViewCell.swift in Sources */,
				23BBDF78295470B400313A4B /* ProfileViewController.swift in Sources */,
				23BBDF7D29547C4F00313A4B /* FeedData.swift in Sources */,
				237E423229597C1E00BC4597 /* CustomSegmentedControl.swift in Sources */,
				23BBDF3929546E7800313A4B /* SceneDelegate.swift in Sources */,
				236881FC2956E42B005A731A /* NewPostPageViewController.swift in Sources */,
				236882022956E82E005A731A /* TabBarDelegate.swift in Sources */,
				237E42382959837100BC4597 /* ActivityView.swift in Sources */,
				23BBDF76295470A700313A4B /* NewPostViewController.swift in Sources */,
				237E42352959800200BC4597 /* ActivityTableViewCell.swift in Sources */,
			);
			runOnlyForDeploymentPostprocessing = 0;
		};
		23BBDF4829546E7B00313A4B /* Sources */ = {
			isa = PBXSourcesBuildPhase;
			buildActionMask = 2147483647;
			files = (
				23BBDF5129546E7B00313A4B /* InstagramTests.swift in Sources */,
			);
			runOnlyForDeploymentPostprocessing = 0;
		};
		23BBDF5329546E7B00313A4B /* Sources */ = {
			isa = PBXSourcesBuildPhase;
			buildActionMask = 2147483647;
			files = (
				23BBDF5C29546E7B00313A4B /* InstagramUITests.swift in Sources */,
			);
			runOnlyForDeploymentPostprocessing = 0;
		};
/* End PBXSourcesBuildPhase section */

/* Begin PBXTargetDependency section */
		23BBDF4E29546E7B00313A4B /* PBXTargetDependency */ = {
			isa = PBXTargetDependency;
			target = 23BBDF3229546E7800313A4B /* Instagram */;
			targetProxy = 23BBDF4D29546E7B00313A4B /* PBXContainerItemProxy */;
		};
		23BBDF5929546E7B00313A4B /* PBXTargetDependency */ = {
			isa = PBXTargetDependency;
			target = 23BBDF3229546E7800313A4B /* Instagram */;
			targetProxy = 23BBDF5829546E7B00313A4B /* PBXContainerItemProxy */;
		};
/* End PBXTargetDependency section */

/* Begin PBXVariantGroup section */
		23BBDF3C29546E7800313A4B /* Home.storyboard */ = {
			isa = PBXVariantGroup;
			children = (
				23BBDF3D29546E7800313A4B /* Base */,
			);
			name = Home.storyboard;
			sourceTree = "<group>";
		};
		23BBDF4429546E7B00313A4B /* LaunchScreen.storyboard */ = {
			isa = PBXVariantGroup;
			children = (
				23BBDF4529546E7B00313A4B /* Base */,
			);
			name = LaunchScreen.storyboard;
			sourceTree = "<group>";
		};
/* End PBXVariantGroup section */

/* Begin XCBuildConfiguration section */
		23BBDF5E29546E7B00313A4B /* Debug */ = {
			isa = XCBuildConfiguration;
			buildSettings = {
				ALWAYS_SEARCH_USER_PATHS = NO;
				CLANG_ANALYZER_NONNULL = YES;
				CLANG_ANALYZER_NUMBER_OBJECT_CONVERSION = YES_AGGRESSIVE;
				CLANG_CXX_LANGUAGE_STANDARD = "gnu++14";
				CLANG_CXX_LIBRARY = "libc++";
				CLANG_ENABLE_MODULES = YES;
				CLANG_ENABLE_OBJC_ARC = YES;
				CLANG_ENABLE_OBJC_WEAK = YES;
				CLANG_WARN_BLOCK_CAPTURE_AUTORELEASING = YES;
				CLANG_WARN_BOOL_CONVERSION = YES;
				CLANG_WARN_COMMA = YES;
				CLANG_WARN_CONSTANT_CONVERSION = YES;
				CLANG_WARN_DEPRECATED_OBJC_IMPLEMENTATIONS = YES;
				CLANG_WARN_DIRECT_OBJC_ISA_USAGE = YES_ERROR;
				CLANG_WARN_DOCUMENTATION_COMMENTS = YES;
				CLANG_WARN_EMPTY_BODY = YES;
				CLANG_WARN_ENUM_CONVERSION = YES;
				CLANG_WARN_INFINITE_RECURSION = YES;
				CLANG_WARN_INT_CONVERSION = YES;
				CLANG_WARN_NON_LITERAL_NULL_CONVERSION = YES;
				CLANG_WARN_OBJC_IMPLICIT_RETAIN_SELF = YES;
				CLANG_WARN_OBJC_LITERAL_CONVERSION = YES;
				CLANG_WARN_OBJC_ROOT_CLASS = YES_ERROR;
				CLANG_WARN_QUOTED_INCLUDE_IN_FRAMEWORK_HEADER = YES;
				CLANG_WARN_RANGE_LOOP_ANALYSIS = YES;
				CLANG_WARN_STRICT_PROTOTYPES = YES;
				CLANG_WARN_SUSPICIOUS_MOVE = YES;
				CLANG_WARN_UNGUARDED_AVAILABILITY = YES_AGGRESSIVE;
				CLANG_WARN_UNREACHABLE_CODE = YES;
				CLANG_WARN__DUPLICATE_METHOD_MATCH = YES;
				COPY_PHASE_STRIP = NO;
				DEBUG_INFORMATION_FORMAT = dwarf;
				ENABLE_STRICT_OBJC_MSGSEND = YES;
				ENABLE_TESTABILITY = YES;
				GCC_C_LANGUAGE_STANDARD = gnu11;
				GCC_DYNAMIC_NO_PIC = NO;
				GCC_NO_COMMON_BLOCKS = YES;
				GCC_OPTIMIZATION_LEVEL = 0;
				GCC_PREPROCESSOR_DEFINITIONS = (
					"DEBUG=1",
					"$(inherited)",
				);
				GCC_WARN_64_TO_32_BIT_CONVERSION = YES;
				GCC_WARN_ABOUT_RETURN_TYPE = YES_ERROR;
				GCC_WARN_UNDECLARED_SELECTOR = YES;
				GCC_WARN_UNINITIALIZED_AUTOS = YES_AGGRESSIVE;
				GCC_WARN_UNUSED_FUNCTION = YES;
				GCC_WARN_UNUSED_VARIABLE = YES;
				IPHONEOS_DEPLOYMENT_TARGET = 14.5;
				MTL_ENABLE_DEBUG_INFO = INCLUDE_SOURCE;
				MTL_FAST_MATH = YES;
				ONLY_ACTIVE_ARCH = YES;
				SDKROOT = iphoneos;
				SWIFT_ACTIVE_COMPILATION_CONDITIONS = DEBUG;
				SWIFT_OPTIMIZATION_LEVEL = "-Onone";
			};
			name = Debug;
		};
		23BBDF5F29546E7B00313A4B /* Release */ = {
			isa = XCBuildConfiguration;
			buildSettings = {
				ALWAYS_SEARCH_USER_PATHS = NO;
				CLANG_ANALYZER_NONNULL = YES;
				CLANG_ANALYZER_NUMBER_OBJECT_CONVERSION = YES_AGGRESSIVE;
				CLANG_CXX_LANGUAGE_STANDARD = "gnu++14";
				CLANG_CXX_LIBRARY = "libc++";
				CLANG_ENABLE_MODULES = YES;
				CLANG_ENABLE_OBJC_ARC = YES;
				CLANG_ENABLE_OBJC_WEAK = YES;
				CLANG_WARN_BLOCK_CAPTURE_AUTORELEASING = YES;
				CLANG_WARN_BOOL_CONVERSION = YES;
				CLANG_WARN_COMMA = YES;
				CLANG_WARN_CONSTANT_CONVERSION = YES;
				CLANG_WARN_DEPRECATED_OBJC_IMPLEMENTATIONS = YES;
				CLANG_WARN_DIRECT_OBJC_ISA_USAGE = YES_ERROR;
				CLANG_WARN_DOCUMENTATION_COMMENTS = YES;
				CLANG_WARN_EMPTY_BODY = YES;
				CLANG_WARN_ENUM_CONVERSION = YES;
				CLANG_WARN_INFINITE_RECURSION = YES;
				CLANG_WARN_INT_CONVERSION = YES;
				CLANG_WARN_NON_LITERAL_NULL_CONVERSION = YES;
				CLANG_WARN_OBJC_IMPLICIT_RETAIN_SELF = YES;
				CLANG_WARN_OBJC_LITERAL_CONVERSION = YES;
				CLANG_WARN_OBJC_ROOT_CLASS = YES_ERROR;
				CLANG_WARN_QUOTED_INCLUDE_IN_FRAMEWORK_HEADER = YES;
				CLANG_WARN_RANGE_LOOP_ANALYSIS = YES;
				CLANG_WARN_STRICT_PROTOTYPES = YES;
				CLANG_WARN_SUSPICIOUS_MOVE = YES;
				CLANG_WARN_UNGUARDED_AVAILABILITY = YES_AGGRESSIVE;
				CLANG_WARN_UNREACHABLE_CODE = YES;
				CLANG_WARN__DUPLICATE_METHOD_MATCH = YES;
				COPY_PHASE_STRIP = NO;
				DEBUG_INFORMATION_FORMAT = "dwarf-with-dsym";
				ENABLE_NS_ASSERTIONS = NO;
				ENABLE_STRICT_OBJC_MSGSEND = YES;
				GCC_C_LANGUAGE_STANDARD = gnu11;
				GCC_NO_COMMON_BLOCKS = YES;
				GCC_WARN_64_TO_32_BIT_CONVERSION = YES;
				GCC_WARN_ABOUT_RETURN_TYPE = YES_ERROR;
				GCC_WARN_UNDECLARED_SELECTOR = YES;
				GCC_WARN_UNINITIALIZED_AUTOS = YES_AGGRESSIVE;
				GCC_WARN_UNUSED_FUNCTION = YES;
				GCC_WARN_UNUSED_VARIABLE = YES;
				IPHONEOS_DEPLOYMENT_TARGET = 14.5;
				MTL_ENABLE_DEBUG_INFO = NO;
				MTL_FAST_MATH = YES;
				SDKROOT = iphoneos;
				SWIFT_COMPILATION_MODE = wholemodule;
				SWIFT_OPTIMIZATION_LEVEL = "-O";
				VALIDATE_PRODUCT = YES;
			};
			name = Release;
		};
		23BBDF6129546E7B00313A4B /* Debug */ = {
			isa = XCBuildConfiguration;
			buildSettings = {
				ASSETCATALOG_COMPILER_APPICON_NAME = AppIcon;
				ASSETCATALOG_COMPILER_GLOBAL_ACCENT_COLOR_NAME = AccentColor;
				CODE_SIGN_STYLE = Automatic;
				DEVELOPMENT_TEAM = 886Y82ZT56;
				INFOPLIST_FILE = Instagram/Info.plist;
				LD_RUNPATH_SEARCH_PATHS = (
					"$(inherited)",
					"@executable_path/Frameworks",
				);
				PRODUCT_BUNDLE_IDENTIFIER = com.carringtons.Instagram;
				PRODUCT_NAME = "$(TARGET_NAME)";
				SWIFT_VERSION = 5.0;
				TARGETED_DEVICE_FAMILY = "1,2";
			};
			name = Debug;
		};
		23BBDF6229546E7B00313A4B /* Release */ = {
			isa = XCBuildConfiguration;
			buildSettings = {
				ASSETCATALOG_COMPILER_APPICON_NAME = AppIcon;
				ASSETCATALOG_COMPILER_GLOBAL_ACCENT_COLOR_NAME = AccentColor;
				CODE_SIGN_STYLE = Automatic;
				DEVELOPMENT_TEAM = 886Y82ZT56;
				INFOPLIST_FILE = Instagram/Info.plist;
				LD_RUNPATH_SEARCH_PATHS = (
					"$(inherited)",
					"@executable_path/Frameworks",
				);
				PRODUCT_BUNDLE_IDENTIFIER = com.carringtons.Instagram;
				PRODUCT_NAME = "$(TARGET_NAME)";
				SWIFT_VERSION = 5.0;
				TARGETED_DEVICE_FAMILY = "1,2";
			};
			name = Release;
		};
		23BBDF6429546E7B00313A4B /* Debug */ = {
			isa = XCBuildConfiguration;
			buildSettings = {
				ALWAYS_EMBED_SWIFT_STANDARD_LIBRARIES = YES;
				BUNDLE_LOADER = "$(TEST_HOST)";
				CODE_SIGN_STYLE = Automatic;
				DEVELOPMENT_TEAM = 886Y82ZT56;
				INFOPLIST_FILE = InstagramTests/Info.plist;
				IPHONEOS_DEPLOYMENT_TARGET = 14.5;
				LD_RUNPATH_SEARCH_PATHS = (
					"$(inherited)",
					"@executable_path/Frameworks",
					"@loader_path/Frameworks",
				);
				PRODUCT_BUNDLE_IDENTIFIER = com.carringtons.InstagramTests;
				PRODUCT_NAME = "$(TARGET_NAME)";
				SWIFT_VERSION = 5.0;
				TARGETED_DEVICE_FAMILY = "1,2";
				TEST_HOST = "$(BUILT_PRODUCTS_DIR)/Instagram.app/Instagram";
			};
			name = Debug;
		};
		23BBDF6529546E7B00313A4B /* Release */ = {
			isa = XCBuildConfiguration;
			buildSettings = {
				ALWAYS_EMBED_SWIFT_STANDARD_LIBRARIES = YES;
				BUNDLE_LOADER = "$(TEST_HOST)";
				CODE_SIGN_STYLE = Automatic;
				DEVELOPMENT_TEAM = 886Y82ZT56;
				INFOPLIST_FILE = InstagramTests/Info.plist;
				IPHONEOS_DEPLOYMENT_TARGET = 14.5;
				LD_RUNPATH_SEARCH_PATHS = (
					"$(inherited)",
					"@executable_path/Frameworks",
					"@loader_path/Frameworks",
				);
				PRODUCT_BUNDLE_IDENTIFIER = com.carringtons.InstagramTests;
				PRODUCT_NAME = "$(TARGET_NAME)";
				SWIFT_VERSION = 5.0;
				TARGETED_DEVICE_FAMILY = "1,2";
				TEST_HOST = "$(BUILT_PRODUCTS_DIR)/Instagram.app/Instagram";
			};
			name = Release;
		};
		23BBDF6729546E7B00313A4B /* Debug */ = {
			isa = XCBuildConfiguration;
			buildSettings = {
				ALWAYS_EMBED_SWIFT_STANDARD_LIBRARIES = YES;
				CODE_SIGN_STYLE = Automatic;
				DEVELOPMENT_TEAM = 886Y82ZT56;
				INFOPLIST_FILE = InstagramUITests/Info.plist;
				LD_RUNPATH_SEARCH_PATHS = (
					"$(inherited)",
					"@executable_path/Frameworks",
					"@loader_path/Frameworks",
				);
				PRODUCT_BUNDLE_IDENTIFIER = com.carringtons.InstagramUITests;
				PRODUCT_NAME = "$(TARGET_NAME)";
				SWIFT_VERSION = 5.0;
				TARGETED_DEVICE_FAMILY = "1,2";
				TEST_TARGET_NAME = Instagram;
			};
			name = Debug;
		};
		23BBDF6829546E7B00313A4B /* Release */ = {
			isa = XCBuildConfiguration;
			buildSettings = {
				ALWAYS_EMBED_SWIFT_STANDARD_LIBRARIES = YES;
				CODE_SIGN_STYLE = Automatic;
				DEVELOPMENT_TEAM = 886Y82ZT56;
				INFOPLIST_FILE = InstagramUITests/Info.plist;
				LD_RUNPATH_SEARCH_PATHS = (
					"$(inherited)",
					"@executable_path/Frameworks",
					"@loader_path/Frameworks",
				);
				PRODUCT_BUNDLE_IDENTIFIER = com.carringtons.InstagramUITests;
				PRODUCT_NAME = "$(TARGET_NAME)";
				SWIFT_VERSION = 5.0;
				TARGETED_DEVICE_FAMILY = "1,2";
				TEST_TARGET_NAME = Instagram;
			};
			name = Release;
		};
/* End XCBuildConfiguration section */

/* Begin XCConfigurationList section */
		23BBDF2E29546E7800313A4B /* Build configuration list for PBXProject "Instagram" */ = {
			isa = XCConfigurationList;
			buildConfigurations = (
				23BBDF5E29546E7B00313A4B /* Debug */,
				23BBDF5F29546E7B00313A4B /* Release */,
			);
			defaultConfigurationIsVisible = 0;
			defaultConfigurationName = Release;
		};
		23BBDF6029546E7B00313A4B /* Build configuration list for PBXNativeTarget "Instagram" */ = {
			isa = XCConfigurationList;
			buildConfigurations = (
				23BBDF6129546E7B00313A4B /* Debug */,
				23BBDF6229546E7B00313A4B /* Release */,
			);
			defaultConfigurationIsVisible = 0;
			defaultConfigurationName = Release;
		};
		23BBDF6329546E7B00313A4B /* Build configuration list for PBXNativeTarget "InstagramTests" */ = {
			isa = XCConfigurationList;
			buildConfigurations = (
				23BBDF6429546E7B00313A4B /* Debug */,
				23BBDF6529546E7B00313A4B /* Release */,
			);
			defaultConfigurationIsVisible = 0;
			defaultConfigurationName = Release;
		};
		23BBDF6629546E7B00313A4B /* Build configuration list for PBXNativeTarget "InstagramUITests" */ = {
			isa = XCConfigurationList;
			buildConfigurations = (
				23BBDF6729546E7B00313A4B /* Debug */,
				23BBDF6829546E7B00313A4B /* Release */,
			);
			defaultConfigurationIsVisible = 0;
			defaultConfigurationName = Release;
		};
/* End XCConfigurationList section */

/* Begin XCVersionGroup section */
		23BBDF3F29546E7800313A4B /* Instagram.xcdatamodeld */ = {
			isa = XCVersionGroup;
			children = (
				23BBDF4029546E7800313A4B /* Instagram.xcdatamodel */,
			);
			currentVersion = 23BBDF4029546E7800313A4B /* Instagram.xcdatamodel */;
			path = Instagram.xcdatamodeld;
			sourceTree = "<group>";
			versionGroupType = wrapper.xcdatamodel;
		};
/* End XCVersionGroup section */
	};
	rootObject = 23BBDF2B29546E7800313A4B /* Project object */;
}
